// !$*UTF8*$!
{
	archiveVersion = 1;
	classes = {
	};
	objectVersion = 77;
	objects = {

/* Begin PBXBuildFile section */
		27B8231F2FF5855A00E51188 /* libreatrust.dylib in Frameworks */ = {isa = PBXBuildFile; fileRef = 27B8231E2FF5855A00E51188 /* libreatrust.dylib */; settings = {ATTRIBUTES = (CodeSignOnCopy, ); }; };
		27B823202FF5855A00E51188 /* libreatrust.dylib in CopyFiles */ = {isa = PBXBuildFile; fileRef = 27B8231E2FF5855A00E51188 /* libreatrust.dylib */; settings = {ATTRIBUTES = (CodeSignOnCopy, ); }; };
		27B823222FF5855A00E51188 /* libreatrust.dylib in CopyFiles */ = {isa = PBXBuildFile; fileRef = 27B8231E2FF5855A00E51188 /* libreatrust.dylib */; settings = {ATTRIBUTES = (CodeSignOnCopy, ); }; };
		27B8240E2FF7000000E51188 /* NulConnectTunnelExtension.appex in Embed App Extensions */ = {isa = PBXBuildFile; fileRef = 27B824022FF7000000E51188 /* NulConnectTunnelExtension.appex */; settings = {ATTRIBUTES = (RemoveHeadersOnCopy, ); }; };
		27B8240F2FF7000000E51188 /* libreatrust.dylib in Frameworks */ = {isa = PBXBuildFile; fileRef = 27B8231E2FF5855A00E51188 /* libreatrust.dylib */; settings = {ATTRIBUTES = (CodeSignOnCopy, ); }; };
		27B824102FF7000000E51188 /* libreatrust.dylib in CopyFiles */ = {isa = PBXBuildFile; fileRef = 27B8231E2FF5855A00E51188 /* libreatrust.dylib */; settings = {ATTRIBUTES = (CodeSignOnCopy, ); }; };
		27B824122FF7000000E51188 /* LibreATrust.swift in Sources */ = {isa = PBXBuildFile; fileRef = 27B824042FF7000000E51188 /* LibreATrust.swift */; };
		27B824132FF7000000E51188 /* AppTypes.swift in Sources */ = {isa = PBXBuildFile; fileRef = 27B824052FF7000000E51188 /* AppTypes.swift */; };
		27B824142FF7000000E51188 /* NulConnectJSON.swift in Sources */ = {isa = PBXBuildFile; fileRef = 27B824062FF7000000E51188 /* NulConnectJSON.swift */; };
		27B824152FF7000000E51188 /* NulConnectDNSResolver.swift in Sources */ = {isa = PBXBuildFile; fileRef = 27B824072FF7000000E51188 /* NulConnectDNSResolver.swift */; };
		27B824162FF7000000E51188 /* NulConnectTunnelLaunchConfiguration.swift in Sources */ = {isa = PBXBuildFile; fileRef = 27B824082FF7000000E51188 /* NulConnectTunnelLaunchConfiguration.swift */; };
/* End PBXBuildFile section */

/* Begin PBXContainerItemProxy section */
		27B823012FF5855A00E51188 /* PBXContainerItemProxy */ = {
			isa = PBXContainerItemProxy;
			containerPortal = 27B822E92FF5855900E51188 /* Project object */;
			proxyType = 1;
			remoteGlobalIDString = 27B822F02FF5855900E51188;
			remoteInfo = NulConnect;
		};
		27B8230B2FF5855A00E51188 /* PBXContainerItemProxy */ = {
			isa = PBXContainerItemProxy;
			containerPortal = 27B822E92FF5855900E51188 /* Project object */;
			proxyType = 1;
			remoteGlobalIDString = 27B822F02FF5855900E51188;
			remoteInfo = NulConnect;
		};
		27B824182FF7000000E51188 /* PBXContainerItemProxy */ = {
			isa = PBXContainerItemProxy;
			containerPortal = 27B822E92FF5855900E51188 /* Project object */;
			proxyType = 1;
			remoteGlobalIDString = 27B824012FF7000000E51188;
			remoteInfo = NulConnectTunnelExtension;
		};
/* End PBXContainerItemProxy section */

/* Begin PBXCopyFilesBuildPhase section */
		27B8231D2FF5855A00E51188 /* CopyFiles */ = {
			isa = PBXCopyFilesBuildPhase;
			buildActionMask = 2147483647;
			dstPath = "";
			dstSubfolderSpec = 10;
			files = (
				27B823222FF5855A00E51188 /* libreatrust.dylib in CopyFiles */,
			);
			runOnlyForDeploymentPostprocessing = 0;
		};
		27B823212FF5855A00E51188 /* CopyFiles */ = {
			isa = PBXCopyFilesBuildPhase;
			buildActionMask = 2147483647;
			dstPath = "";
			dstSubfolderSpec = 10;
			files = (
				27B823202FF5855A00E51188 /* libreatrust.dylib in CopyFiles */,
			);
			runOnlyForDeploymentPostprocessing = 0;
		};
		27B824092FF7000000E51188 /* Embed App Extensions */ = {
			isa = PBXCopyFilesBuildPhase;
			buildActionMask = 2147483647;
			dstPath = "";
			dstSubfolderSpec = 13;
			files = (
				27B8240E2FF7000000E51188 /* NulConnectTunnelExtension.appex in Embed App Extensions */,
			);
			name = "Embed App Extensions";
			runOnlyForDeploymentPostprocessing = 0;
		};
		27B8240D2FF7000000E51188 /* CopyFiles */ = {
			isa = PBXCopyFilesBuildPhase;
			buildActionMask = 2147483647;
			dstPath = "";
			dstSubfolderSpec = 10;
			files = (
				27B824102FF7000000E51188 /* libreatrust.dylib in CopyFiles */,
			);
			runOnlyForDeploymentPostprocessing = 0;
		};
/* End PBXCopyFilesBuildPhase section */

/* Begin PBXFileReference section */
		27B822F12FF5855900E51188 /* NulConnect.app */ = {isa = PBXFileReference; explicitFileType = wrapper.application; includeInIndex = 0; path = NulConnect.app; sourceTree = BUILT_PRODUCTS_DIR; };
		27B823002FF5855A00E51188 /* NulConnectTests.xctest */ = {isa = PBXFileReference; explicitFileType = wrapper.cfbundle; includeInIndex = 0; path = NulConnectTests.xctest; sourceTree = BUILT_PRODUCTS_DIR; };
		27B8230A2FF5855A00E51188 /* NulConnectUITests.xctest */ = {isa = PBXFileReference; explicitFileType = wrapper.cfbundle; includeInIndex = 0; path = NulConnectUITests.xctest; sourceTree = BUILT_PRODUCTS_DIR; };
		27B8231E2FF5855A00E51188 /* libreatrust.dylib */ = {isa = PBXFileReference; lastKnownFileType = "compiled.mach-o.dylib"; name = libreatrust.dylib; path = Vendor/libreatrust/dynamic/libreatrust.dylib; sourceTree = SOURCE_ROOT; };
		27B824022FF7000000E51188 /* NulConnectTunnelExtension.appex */ = {isa = PBXFileReference; explicitFileType = "wrapper.app-extension"; includeInIndex = 0; path = NulConnectTunnelExtension.appex; sourceTree = BUILT_PRODUCTS_DIR; };
		27B824032FF7000000E51188 /* PacketTunnelProvider.swift */ = {isa = PBXFileReference; lastKnownFileType = sourcecode.swift; path = NulConnectTunnelExtension/PacketTunnelProvider.swift; sourceTree = SOURCE_ROOT; };
		27B824042FF7000000E51188 /* LibreATrust.swift */ = {isa = PBXFileReference; lastKnownFileType = sourcecode.swift; path = NulConnect/LibreATrust/LibreATrust.swift; sourceTree = SOURCE_ROOT; };
		27B824052FF7000000E51188 /* AppTypes.swift */ = {isa = PBXFileReference; lastKnownFileType = sourcecode.swift; path = NulConnect/AppState/AppTypes.swift; sourceTree = SOURCE_ROOT; };
		27B824062FF7000000E51188 /* NulConnectJSON.swift */ = {isa = PBXFileReference; lastKnownFileType = sourcecode.swift; path = NulConnect/Persistence/NulConnectJSON.swift; sourceTree = SOURCE_ROOT; };
		27B824072FF7000000E51188 /* NulConnectDNSResolver.swift */ = {isa = PBXFileReference; lastKnownFileType = sourcecode.swift; path = NulConnect/Tunnel/NulConnectDNSResolver.swift; sourceTree = SOURCE_ROOT; };
		27B824082FF7000000E51188 /* NulConnectTunnelLaunchConfiguration.swift */ = {isa = PBXFileReference; lastKnownFileType = sourcecode.swift; path = NulConnect/Tunnel/NulConnectTunnelLaunchConfiguration.swift; sourceTree = SOURCE_ROOT; };
/* End PBXFileReference section */

/* Begin PBXFileSystemSynchronizedRootGroup section */
		27B822F32FF5855900E51188 /* NulConnect */ = {
			isa = PBXFileSystemSynchronizedRootGroup;
			path = NulConnect;
			sourceTree = "<group>";
		};
		27B823032FF5855A00E51188 /* NulConnectTests */ = {
			isa = PBXFileSystemSynchronizedRootGroup;
			path = NulConnectTests;
			sourceTree = "<group>";
		};
		27B8230D2FF5855A00E51188 /* NulConnectUITests */ = {
			isa = PBXFileSystemSynchronizedRootGroup;
			path = NulConnectUITests;
			sourceTree = "<group>";
		};
		27B824002FF7000000E51188 /* NulConnectTunnelExtension */ = {
			isa = PBXFileSystemSynchronizedRootGroup;
			path = NulConnectTunnelExtension;
			sourceTree = "<group>";
		};
/* End PBXFileSystemSynchronizedRootGroup section */

/* Begin PBXFrameworksBuildPhase section */
		27B822EE2FF5855900E51188 /* Frameworks */ = {
			isa = PBXFrameworksBuildPhase;
			buildActionMask = 2147483647;
			files = (
				27B8231F2FF5855A00E51188 /* libreatrust.dylib in Frameworks */,
			);
			runOnlyForDeploymentPostprocessing = 0;
		};
		27B822FD2FF5855A00E51188 /* Frameworks */ = {
			isa = PBXFrameworksBuildPhase;
			buildActionMask = 2147483647;
			files = (
			);
			runOnlyForDeploymentPostprocessing = 0;
		};
		27B823072FF5855A00E51188 /* Frameworks */ = {
			isa = PBXFrameworksBuildPhase;
			buildActionMask = 2147483647;
			files = (
			);
			runOnlyForDeploymentPostprocessing = 0;
		};
		27B8240A2FF7000000E51188 /* Frameworks */ = {
			isa = PBXFrameworksBuildPhase;
			buildActionMask = 2147483647;
			files = (
				27B8240F2FF7000000E51188 /* libreatrust.dylib in Frameworks */,
			);
			runOnlyForDeploymentPostprocessing = 0;
		};
/* End PBXFrameworksBuildPhase section */

/* Begin PBXGroup section */
		27B822E82FF5855800E51188 = {
			isa = PBXGroup;
			children = (
				27B822F32FF5855900E51188 /* NulConnect */,
				27B824002FF7000000E51188 /* NulConnectTunnelExtension */,
				27B823032FF5855A00E51188 /* NulConnectTests */,
				27B8230D2FF5855A00E51188 /* NulConnectUITests */,
				27B822F22FF5855900E51188 /* Products */,
				27B823572FF5951D00E51188 /* Recovered References */,
			);
			sourceTree = "<group>";
		};
		27B822F22FF5855900E51188 /* Products */ = {
			isa = PBXGroup;
			children = (
				27B822F12FF5855900E51188 /* NulConnect.app */,
				27B824022FF7000000E51188 /* NulConnectTunnelExtension.appex */,
				27B823002FF5855A00E51188 /* NulConnectTests.xctest */,
				27B8230A2FF5855A00E51188 /* NulConnectUITests.xctest */,
			);
			name = Products;
			sourceTree = "<group>";
		};
		27B823572FF5951D00E51188 /* Recovered References */ = {
			isa = PBXGroup;
			children = (
				27B8231E2FF5855A00E51188 /* libreatrust.dylib */,
				27B824032FF7000000E51188 /* PacketTunnelProvider.swift */,
				27B824042FF7000000E51188 /* LibreATrust.swift */,
				27B824052FF7000000E51188 /* AppTypes.swift */,
				27B824062FF7000000E51188 /* NulConnectJSON.swift */,
				27B824072FF7000000E51188 /* NulConnectDNSResolver.swift */,
				27B824082FF7000000E51188 /* NulConnectTunnelLaunchConfiguration.swift */,
			);
			name = "Recovered References";
			sourceTree = "<group>";
		};
/* End PBXGroup section */

/* Begin PBXNativeTarget section */
		27B822F02FF5855900E51188 /* NulConnect */ = {
			isa = PBXNativeTarget;
			buildConfigurationList = 27B823142FF5855A00E51188 /* Build configuration list for PBXNativeTarget "NulConnect" */;
			buildPhases = (
				27B822ED2FF5855900E51188 /* Sources */,
				27B822EE2FF5855900E51188 /* Frameworks */,
				27B8231D2FF5855A00E51188 /* CopyFiles */,
				27B822EF2FF5855900E51188 /* Resources */,
			);
			buildRules = (
			);
			dependencies = (
			);
			fileSystemSynchronizedGroups = (
				27B822F32FF5855900E51188 /* NulConnect */,
			);
			name = NulConnect;
			packageProductDependencies = (
			);
			productName = NulConnect;
			productReference = 27B822F12FF5855900E51188 /* NulConnect.app */;
			productType = "com.apple.product-type.application";
		};
		27B822FF2FF5855A00E51188 /* NulConnectTests */ = {
			isa = PBXNativeTarget;
			buildConfigurationList = 27B823172FF5855A00E51188 /* Build configuration list for PBXNativeTarget "NulConnectTests" */;
			buildPhases = (
				27B822FC2FF5855A00E51188 /* Sources */,
				27B822FD2FF5855A00E51188 /* Frameworks */,
				27B822FE2FF5855A00E51188 /* Resources */,
			);
			buildRules = (
			);
			dependencies = (
				27B823022FF5855A00E51188 /* PBXTargetDependency */,
			);
			fileSystemSynchronizedGroups = (
				27B823032FF5855A00E51188 /* NulConnectTests */,
			);
			name = NulConnectTests;
			packageProductDependencies = (
			);
			productName = NulConnectTests;
			productReference = 27B823002FF5855A00E51188 /* NulConnectTests.xctest */;
			productType = "com.apple.product-type.bundle.unit-test";
		};
		27B823092FF5855A00E51188 /* NulConnectUITests */ = {
			isa = PBXNativeTarget;
			buildConfigurationList = 27B8231A2FF5855A00E51188 /* Build configuration list for PBXNativeTarget "NulConnectUITests" */;
			buildPhases = (
				27B823062FF5855A00E51188 /* Sources */,
				27B823072FF5855A00E51188 /* Frameworks */,
				27B823212FF5855A00E51188 /* CopyFiles */,
				27B823082FF5855A00E51188 /* Resources */,
			);
			buildRules = (
			);
			dependencies = (
				27B8230C2FF5855A00E51188 /* PBXTargetDependency */,
			);
			fileSystemSynchronizedGroups = (
				27B8230D2FF5855A00E51188 /* NulConnectUITests */,
			);
			name = NulConnectUITests;
			packageProductDependencies = (
			);
			productName = NulConnectUITests;
			productReference = 27B8230A2FF5855A00E51188 /* NulConnectUITests.xctest */;
			productType = "com.apple.product-type.bundle.ui-testing";
		};
		27B824012FF7000000E51188 /* NulConnectTunnelExtension */ = {
			isa = PBXNativeTarget;
			buildConfigurationList = 27B8241C2FF7000000E51188 /* Build configuration list for PBXNativeTarget "NulConnectTunnelExtension" */;
			buildPhases = (
				27B8240B2FF7000000E51188 /* Sources */,
				27B8240A2FF7000000E51188 /* Frameworks */,
				27B8240D2FF7000000E51188 /* CopyFiles */,
				27B8240C2FF7000000E51188 /* Resources */,
			);
			buildRules = (
			);
			dependencies = (
			);
			fileSystemSynchronizedGroups = (
				27B824002FF7000000E51188 /* NulConnectTunnelExtension */,
			);
			name = NulConnectTunnelExtension;
			packageProductDependencies = (
			);
			productName = NulConnectTunnelExtension;
			productReference = 27B824022FF7000000E51188 /* NulConnectTunnelExtension.appex */;
			productType = "com.apple.product-type.app-extension";
		};
/* End PBXNativeTarget section */

/* Begin PBXProject section */
		27B822E92FF5855900E51188 /* Project object */ = {
			isa = PBXProject;
			attributes = {
				BuildIndependentTargetsInParallel = 1;
				LastSwiftUpdateCheck = 2660;
				LastUpgradeCheck = 2660;
				TargetAttributes = {
					27B822F02FF5855900E51188 = {
						CreatedOnToolsVersion = 26.6;
					};
					27B822FF2FF5855A00E51188 = {
						CreatedOnToolsVersion = 26.6;
						TestTargetID = 27B822F02FF5855900E51188;
					};
					27B823092FF5855A00E51188 = {
						CreatedOnToolsVersion = 26.6;
						TestTargetID = 27B822F02FF5855900E51188;
					};
					27B824012FF7000000E51188 = {
						CreatedOnToolsVersion = 26.6;
					};
				};
			};
			buildConfigurationList = 27B822EC2FF5855900E51188 /* Build configuration list for PBXProject "NulConnect" */;
			developmentRegion = en;
			hasScannedForEncodings = 0;
			knownRegions = (
				en,
				Base,
			);
			mainGroup = 27B822E82FF5855800E51188;
			minimizedProjectReferenceProxies = 1;
			preferredProjectObjectVersion = 77;
			productRefGroup = 27B822F22FF5855900E51188 /* Products */;
			projectDirPath = "";
			projectRoot = "";
			targets = (
				27B822F02FF5855900E51188 /* NulConnect */,
				27B824012FF7000000E51188 /* NulConnectTunnelExtension */,
				27B822FF2FF5855A00E51188 /* NulConnectTests */,
				27B823092FF5855A00E51188 /* NulConnectUITests */,
			);
		};
/* End PBXProject section */

/* Begin PBXResourcesBuildPhase section */
		27B822EF2FF5855900E51188 /* Resources */ = {
			isa = PBXResourcesBuildPhase;
			buildActionMask = 2147483647;
			files = (
			);
			runOnlyForDeploymentPostprocessing = 0;
		};
		27B822FE2FF5855A00E51188 /* Resources */ = {
			isa = PBXResourcesBuildPhase;
			buildActionMask = 2147483647;
			files = (
			);
			runOnlyForDeploymentPostprocessing = 0;
		};
		27B823082FF5855A00E51188 /* Resources */ = {
			isa = PBXResourcesBuildPhase;
			buildActionMask = 2147483647;
			files = (
			);
			runOnlyForDeploymentPostprocessing = 0;
		};
		27B8240C2FF7000000E51188 /* Resources */ = {
			isa = PBXResourcesBuildPhase;
			buildActionMask = 2147483647;
			files = (
			);
			runOnlyForDeploymentPostprocessing = 0;
		};
/* End PBXResourcesBuildPhase section */

/* Begin PBXSourcesBuildPhase section */
		27B822ED2FF5855900E51188 /* Sources */ = {
			isa = PBXSourcesBuildPhase;
			buildActionMask = 2147483647;
			files = (
			);
			runOnlyForDeploymentPostprocessing = 0;
		};
		27B822FC2FF5855A00E51188 /* Sources */ = {
			isa = PBXSourcesBuildPhase;
			buildActionMask = 2147483647;
			files = (
			);
			runOnlyForDeploymentPostprocessing = 0;
		};
		27B823062FF5855A00E51188 /* Sources */ = {
			isa = PBXSourcesBuildPhase;
			buildActionMask = 2147483647;
			files = (
			);
			runOnlyForDeploymentPostprocessing = 0;
		};
		27B8240B2FF7000000E51188 /* Sources */ = {
			isa = PBXSourcesBuildPhase;
			buildActionMask = 2147483647;
			files = (
				27B824122FF7000000E51188 /* LibreATrust.swift in Sources */,
				27B824132FF7000000E51188 /* AppTypes.swift in Sources */,
				27B824142FF7000000E51188 /* NulConnectJSON.swift in Sources */,
				27B824152FF7000000E51188 /* NulConnectDNSResolver.swift in Sources */,
				27B824162FF7000000E51188 /* NulConnectTunnelLaunchConfiguration.swift in Sources */,
			);
			runOnlyForDeploymentPostprocessing = 0;
		};
/* End PBXSourcesBuildPhase section */

/* Begin PBXTargetDependency section */
		27B823022FF5855A00E51188 /* PBXTargetDependency */ = {
			isa = PBXTargetDependency;
			target = 27B822F02FF5855900E51188 /* NulConnect */;
			targetProxy = 27B823012FF5855A00E51188 /* PBXContainerItemProxy */;
		};
		27B8230C2FF5855A00E51188 /* PBXTargetDependency */ = {
			isa = PBXTargetDependency;
			target = 27B822F02FF5855900E51188 /* NulConnect */;
			targetProxy = 27B8230B2FF5855A00E51188 /* PBXContainerItemProxy */;
		};
		27B824192FF7000000E51188 /* PBXTargetDependency */ = {
			isa = PBXTargetDependency;
			target = 27B824012FF7000000E51188 /* NulConnectTunnelExtension */;
			targetProxy = 27B824182FF7000000E51188 /* PBXContainerItemProxy */;
		};
/* End PBXTargetDependency section */

/* Begin XCBuildConfiguration section */
		27B823122FF5855A00E51188 /* Debug */ = {
			isa = XCBuildConfiguration;
			buildSettings = {
				ALWAYS_SEARCH_USER_PATHS = NO;
				ASSETCATALOG_COMPILER_GENERATE_SWIFT_ASSET_SYMBOL_EXTENSIONS = YES;
				CLANG_ANALYZER_NONNULL = YES;
				CLANG_ANALYZER_NUMBER_OBJECT_CONVERSION = YES_AGGRESSIVE;
				CLANG_CXX_LANGUAGE_STANDARD = "gnu++20";
				CLANG_ENABLE_MODULES = YES;
				CLANG_ENABLE_OBJC_ARC = YES;
				CLANG_ENABLE_OBJC_WEAK = YES;
				CLANG_WARN_BLOCK_CAPTURE_AUTORELEASING = YES;
				CLANG_WARN_BOOL_CONVERSION = YES;
				CLANG_WARN_COMMA = YES;
				CLANG_WARN_CONSTANT_CONVERSION = YES;
				CLANG_WARN_DEPRECATED_OBJC_IMPLEMENTATIONS = YES;
				CLANG_WARN_DIRECT_OBJC_ISA_USAGE = YES_ERROR;
				CLANG_WARN_DOCUMENTATION_COMMENTS = YES;
				CLANG_WARN_EMPTY_BODY = YES;
				CLANG_WARN_ENUM_CONVERSION = YES;
				CLANG_WARN_INFINITE_RECURSION = YES;
				CLANG_WARN_INT_CONVERSION = YES;
				CLANG_WARN_NON_LITERAL_NULL_CONVERSION = YES;
				CLANG_WARN_OBJC_IMPLICIT_RETAIN_SELF = YES;
				CLANG_WARN_OBJC_LITERAL_CONVERSION = YES;
				CLANG_WARN_OBJC_ROOT_CLASS = YES_ERROR;
				CLANG_WARN_QUOTED_INCLUDE_IN_FRAMEWORK_HEADER = YES;
				CLANG_WARN_RANGE_LOOP_ANALYSIS = YES;
				CLANG_WARN_STRICT_PROTOTYPES = YES;
				CLANG_WARN_SUSPICIOUS_MOVE = YES;
				CLANG_WARN_UNGUARDED_AVAILABILITY = YES_AGGRESSIVE;
				CLANG_WARN_UNREACHABLE_CODE = YES;
				CLANG_WARN__DUPLICATE_METHOD_MATCH = YES;
				COPY_PHASE_STRIP = NO;
				DEBUG_INFORMATION_FORMAT = dwarf;
				DEVELOPMENT_TEAM = 3F5CH9XJ2Z;
				ENABLE_STRICT_OBJC_MSGSEND = YES;
				ENABLE_TESTABILITY = YES;
				ENABLE_USER_SCRIPT_SANDBOXING = YES;
				GCC_C_LANGUAGE_STANDARD = gnu17;
				GCC_DYNAMIC_NO_PIC = NO;
				GCC_NO_COMMON_BLOCKS = YES;
				GCC_OPTIMIZATION_LEVEL = 0;
				GCC_PREPROCESSOR_DEFINITIONS = (
					"DEBUG=1",
					"$(inherited)",
				);
				GCC_WARN_64_TO_32_BIT_CONVERSION = YES;
				GCC_WARN_ABOUT_RETURN_TYPE = YES_ERROR;
				GCC_WARN_UNDECLARED_SELECTOR = YES;
				GCC_WARN_UNINITIALIZED_AUTOS = YES_AGGRESSIVE;
				GCC_WARN_UNUSED_FUNCTION = YES;
				GCC_WARN_UNUSED_VARIABLE = YES;
				HEADER_SEARCH_PATHS = (
					"$(SRCROOT)/Vendor/libreatrust/include",
					"$(inherited)",
				);
				LIBRARY_SEARCH_PATHS = (
					"$(SRCROOT)/Vendor/libreatrust/dynamic",
					"$(SRCROOT)/Vendor/libreatrust/static",
					"$(inherited)",
				);
				LOCALIZATION_PREFERS_STRING_CATALOGS = YES;
				MACOSX_DEPLOYMENT_TARGET = 14.0;
				MTL_ENABLE_DEBUG_INFO = INCLUDE_SOURCE;
				MTL_FAST_MATH = YES;
				ONLY_ACTIVE_ARCH = YES;
				OTHER_LDFLAGS = (
					"$(inherited)",
					"-lreatrust",
				);
				SDKROOT = macosx;
				SWIFT_ACTIVE_COMPILATION_CONDITIONS = "DEBUG $(inherited)";
				SWIFT_OBJC_BRIDGING_HEADER = "NulConnect-Bridging-Header.h";
				SWIFT_OPTIMIZATION_LEVEL = "-Onone";
			};
			name = Debug;
		};
		27B823132FF5855A00E51188 /* Release */ = {
			isa = XCBuildConfiguration;
			buildSettings = {
				ALWAYS_SEARCH_USER_PATHS = NO;
				ASSETCATALOG_COMPILER_GENERATE_SWIFT_ASSET_SYMBOL_EXTENSIONS = YES;
				CLANG_ANALYZER_NONNULL = YES;
				CLANG_ANALYZER_NUMBER_OBJECT_CONVERSION = YES_AGGRESSIVE;
				CLANG_CXX_LANGUAGE_STANDARD = "gnu++20";
				CLANG_ENABLE_MODULES = YES;
				CLANG_ENABLE_OBJC_ARC = YES;
				CLANG_ENABLE_OBJC_WEAK = YES;
				CLANG_WARN_BLOCK_CAPTURE_AUTORELEASING = YES;
				CLANG_WARN_BOOL_CONVERSION = YES;
				CLANG_WARN_COMMA = YES;
				CLANG_WARN_CONSTANT_CONVERSION = YES;
				CLANG_WARN_DEPRECATED_OBJC_IMPLEMENTATIONS = YES;
				CLANG_WARN_DIRECT_OBJC_ISA_USAGE = YES_ERROR;
				CLANG_WARN_DOCUMENTATION_COMMENTS = YES;
				CLANG_WARN_EMPTY_BODY = YES;
				CLANG_WARN_ENUM_CONVERSION = YES;
				CLANG_WARN_INFINITE_RECURSION = YES;
				CLANG_WARN_INT_CONVERSION = YES;
				CLANG_WARN_NON_LITERAL_NULL_CONVERSION = YES;
				CLANG_WARN_OBJC_IMPLICIT_RETAIN_SELF = YES;
				CLANG_WARN_OBJC_LITERAL_CONVERSION = YES;
				CLANG_WARN_OBJC_ROOT_CLASS = YES_ERROR;
				CLANG_WARN_QUOTED_INCLUDE_IN_FRAMEWORK_HEADER = YES;
				CLANG_WARN_RANGE_LOOP_ANALYSIS = YES;
				CLANG_WARN_STRICT_PROTOTYPES = YES;
				CLANG_WARN_SUSPICIOUS_MOVE = YES;
				CLANG_WARN_UNGUARDED_AVAILABILITY = YES_AGGRESSIVE;
				CLANG_WARN_UNREACHABLE_CODE = YES;
				CLANG_WARN__DUPLICATE_METHOD_MATCH = YES;
				COPY_PHASE_STRIP = NO;
				DEBUG_INFORMATION_FORMAT = "dwarf-with-dsym";
				DEVELOPMENT_TEAM = 3F5CH9XJ2Z;
				ENABLE_NS_ASSERTIONS = NO;
				ENABLE_STRICT_OBJC_MSGSEND = YES;
				ENABLE_USER_SCRIPT_SANDBOXING = YES;
				GCC_C_LANGUAGE_STANDARD = gnu17;
				GCC_NO_COMMON_BLOCKS = YES;
				GCC_WARN_64_TO_32_BIT_CONVERSION = YES;
				GCC_WARN_ABOUT_RETURN_TYPE = YES_ERROR;
				GCC_WARN_UNDECLARED_SELECTOR = YES;
				GCC_WARN_UNINITIALIZED_AUTOS = YES_AGGRESSIVE;
				GCC_WARN_UNUSED_FUNCTION = YES;
				GCC_WARN_UNUSED_VARIABLE = YES;
				HEADER_SEARCH_PATHS = (
					"$(SRCROOT)/Vendor/libreatrust/include",
					"$(inherited)",
				);
				LIBRARY_SEARCH_PATHS = (
					"$(SRCROOT)/Vendor/libreatrust/dynamic",
					"$(SRCROOT)/Vendor/libreatrust/static",
					"$(inherited)",
				);
				LOCALIZATION_PREFERS_STRING_CATALOGS = YES;
				MACOSX_DEPLOYMENT_TARGET = 14.0;
				MTL_ENABLE_DEBUG_INFO = NO;
				MTL_FAST_MATH = YES;
				OTHER_LDFLAGS = (
					"$(inherited)",
					"-lreatrust",
				);
				SDKROOT = macosx;
				SWIFT_COMPILATION_MODE = wholemodule;
				SWIFT_OBJC_BRIDGING_HEADER = "NulConnect-Bridging-Header.h";
			};
			name = Release;
		};
		27B823152FF5855A00E51188 /* Debug */ = {
			isa = XCBuildConfiguration;
			buildSettings = {
				ARCHS = arm64;
				ASSETCATALOG_COMPILER_APPICON_NAME = AppIcon;
				ASSETCATALOG_COMPILER_GLOBAL_ACCENT_COLOR_NAME = AccentColor;
				CODE_SIGN_ENTITLEMENTS = NulConnect/NulConnect.entitlements;
				CODE_SIGN_STYLE = Automatic;
				COMBINE_HIDPI_IMAGES = YES;
				CURRENT_PROJECT_VERSION = 1;
				DEVELOPMENT_TEAM = 3F5CH9XJ2Z;
				ENABLE_APP_SANDBOX = YES;
				ENABLE_HARDENED_RUNTIME = YES;
				ENABLE_PREVIEWS = YES;
				ENABLE_USER_SELECTED_FILES = readonly;
				GENERATE_INFOPLIST_FILE = NO;
				INFOPLIST_FILE = NulConnect/Info.plist;
				LD_RUNPATH_SEARCH_PATHS = (
					"$(inherited)",
					"@executable_path/../Frameworks",
				);
				MARKETING_VERSION = 0.1.1;
				PRODUCT_BUNDLE_IDENTIFIER = com.nulstudio.NulConnect;
				PRODUCT_NAME = "$(TARGET_NAME)";
				REGISTER_APP_GROUPS = YES;
				STRING_CATALOG_GENERATE_SYMBOLS = YES;
				SWIFT_APPROACHABLE_CONCURRENCY = YES;
				SWIFT_DEFAULT_ACTOR_ISOLATION = MainActor;
				SWIFT_EMIT_LOC_STRINGS = YES;
				SWIFT_UPCOMING_FEATURE_MEMBER_IMPORT_VISIBILITY = YES;
				SWIFT_VERSION = 5.0;
			};
			name = Debug;
		};
		27B823162FF5855A00E51188 /* Release */ = {
			isa = XCBuildConfiguration;
			buildSettings = {
				ARCHS = arm64;
				ASSETCATALOG_COMPILER_APPICON_NAME = AppIcon;
				ASSETCATALOG_COMPILER_GLOBAL_ACCENT_COLOR_NAME = AccentColor;
				CODE_SIGN_ENTITLEMENTS = NulConnect/NulConnect.entitlements;
				CODE_SIGN_STYLE = Automatic;
				COMBINE_HIDPI_IMAGES = YES;
				CURRENT_PROJECT_VERSION = 1;
				DEVELOPMENT_TEAM = 3F5CH9XJ2Z;
				ENABLE_APP_SANDBOX = YES;
				ENABLE_HARDENED_RUNTIME = YES;
				ENABLE_PREVIEWS = YES;
				ENABLE_USER_SELECTED_FILES = readonly;
				GENERATE_INFOPLIST_FILE = NO;
				INFOPLIST_FILE = NulConnect/Info.plist;
				LD_RUNPATH_SEARCH_PATHS = (
					"$(inherited)",
					"@executable_path/../Frameworks",
				);
				MARKETING_VERSION = 0.1.1;
				PRODUCT_BUNDLE_IDENTIFIER = com.nulstudio.NulConnect;
				PRODUCT_NAME = "$(TARGET_NAME)";
				REGISTER_APP_GROUPS = YES;
				STRING_CATALOG_GENERATE_SYMBOLS = YES;
				SWIFT_APPROACHABLE_CONCURRENCY = YES;
				SWIFT_DEFAULT_ACTOR_ISOLATION = MainActor;
				SWIFT_EMIT_LOC_STRINGS = YES;
				SWIFT_UPCOMING_FEATURE_MEMBER_IMPORT_VISIBILITY = YES;
				SWIFT_VERSION = 5.0;
			};
			name = Release;
		};
		27B823182FF5855A00E51188 /* Debug */ = {
			isa = XCBuildConfiguration;
			buildSettings = {
				BUNDLE_LOADER = "$(TEST_HOST)";
				CODE_SIGN_STYLE = Automatic;
				CURRENT_PROJECT_VERSION = 1;
				DEVELOPMENT_TEAM = 3F5CH9XJ2Z;
				GENERATE_INFOPLIST_FILE = YES;
				MACOSX_DEPLOYMENT_TARGET = 14.0;
				MARKETING_VERSION = 1.0.0;
				PRODUCT_BUNDLE_IDENTIFIER = com.nulstudio.NulConnectTests;
				PRODUCT_NAME = "$(TARGET_NAME)";
				STRING_CATALOG_GENERATE_SYMBOLS = NO;
				SWIFT_APPROACHABLE_CONCURRENCY = YES;
				SWIFT_EMIT_LOC_STRINGS = NO;
				SWIFT_UPCOMING_FEATURE_MEMBER_IMPORT_VISIBILITY = YES;
				SWIFT_VERSION = 5.0;
				TEST_HOST = "$(BUILT_PRODUCTS_DIR)/NulConnect.app/$(BUNDLE_EXECUTABLE_FOLDER_PATH)/NulConnect";
			};
			name = Debug;
		};
		27B823192FF5855A00E51188 /* Release */ = {
			isa = XCBuildConfiguration;
			buildSettings = {
				BUNDLE_LOADER = "$(TEST_HOST)";
				CODE_SIGN_STYLE = Automatic;
				CURRENT_PROJECT_VERSION = 1;
				DEVELOPMENT_TEAM = 3F5CH9XJ2Z;
				GENERATE_INFOPLIST_FILE = YES;
				MACOSX_DEPLOYMENT_TARGET = 14.0;
				MARKETING_VERSION = 1.0.0;
				PRODUCT_BUNDLE_IDENTIFIER = com.nulstudio.NulConnectTests;
				PRODUCT_NAME = "$(TARGET_NAME)";
				STRING_CATALOG_GENERATE_SYMBOLS = NO;
				SWIFT_APPROACHABLE_CONCURRENCY = YES;
				SWIFT_EMIT_LOC_STRINGS = NO;
				SWIFT_UPCOMING_FEATURE_MEMBER_IMPORT_VISIBILITY = YES;
				SWIFT_VERSION = 5.0;
				TEST_HOST = "$(BUILT_PRODUCTS_DIR)/NulConnect.app/$(BUNDLE_EXECUTABLE_FOLDER_PATH)/NulConnect";
			};
			name = Release;
		};
		27B8231B2FF5855A00E51188 /* Debug */ = {
			isa = XCBuildConfiguration;
			buildSettings = {
				CODE_SIGN_STYLE = Automatic;
				CURRENT_PROJECT_VERSION = 1;
				DEVELOPMENT_TEAM = 3F5CH9XJ2Z;
				GENERATE_INFOPLIST_FILE = YES;
				MARKETING_VERSION = 1.0.0;
				PRODUCT_BUNDLE_IDENTIFIER = com.nulstudio.NulConnectUITests;
				PRODUCT_NAME = "$(TARGET_NAME)";
				STRING_CATALOG_GENERATE_SYMBOLS = NO;
				SWIFT_APPROACHABLE_CONCURRENCY = YES;
				SWIFT_EMIT_LOC_STRINGS = NO;
				SWIFT_UPCOMING_FEATURE_MEMBER_IMPORT_VISIBILITY = YES;
				SWIFT_VERSION = 5.0;
				TEST_TARGET_NAME = NulConnect;
			};
			name = Debug;
		};
		27B8231C2FF5855A00E51188 /* Release */ = {
			isa = XCBuildConfiguration;
			buildSettings = {
				CODE_SIGN_STYLE = Automatic;
				CURRENT_PROJECT_VERSION = 1;
				DEVELOPMENT_TEAM = 3F5CH9XJ2Z;
				GENERATE_INFOPLIST_FILE = YES;
				MARKETING_VERSION = 1.0.0;
				PRODUCT_BUNDLE_IDENTIFIER = com.nulstudio.NulConnectUITests;
				PRODUCT_NAME = "$(TARGET_NAME)";
				STRING_CATALOG_GENERATE_SYMBOLS = NO;
				SWIFT_APPROACHABLE_CONCURRENCY = YES;
				SWIFT_EMIT_LOC_STRINGS = NO;
				SWIFT_UPCOMING_FEATURE_MEMBER_IMPORT_VISIBILITY = YES;
				SWIFT_VERSION = 5.0;
				TEST_TARGET_NAME = NulConnect;
			};
			name = Release;
		};
		27B8241A2FF7000000E51188 /* Debug */ = {
			isa = XCBuildConfiguration;
			buildSettings = {
				ARCHS = arm64;
				CODE_SIGN_ENTITLEMENTS = NulConnectTunnelExtension/NulConnectTunnelExtension.entitlements;
				CODE_SIGN_STYLE = Automatic;
				COMBINE_HIDPI_IMAGES = YES;
				CURRENT_PROJECT_VERSION = 1;
				DEVELOPMENT_TEAM = 3F5CH9XJ2Z;
				ENABLE_APP_SANDBOX = YES;
				ENABLE_HARDENED_RUNTIME = YES;
				GENERATE_INFOPLIST_FILE = NO;
				INFOPLIST_FILE = NulConnectTunnelExtension/Info.plist;
				LD_RUNPATH_SEARCH_PATHS = (
					"$(inherited)",
					"@executable_path/../Frameworks",
					"@executable_path/../../../../Frameworks",
				);
				MACOSX_DEPLOYMENT_TARGET = 14.0;
				MARKETING_VERSION = 0.1.1;
				OTHER_LDFLAGS = (
					"$(inherited)",
					"-lreatrust",
				);
				PRODUCT_BUNDLE_IDENTIFIER = com.nulstudio.NulConnect.TunnelExtension;
				PRODUCT_BUNDLE_PACKAGE_TYPE = "XPC!";
				PRODUCT_NAME = "$(TARGET_NAME)";
				REGISTER_APP_GROUPS = YES;
				SKIP_INSTALL = YES;
				SWIFT_ACTIVE_COMPILATION_CONDITIONS = "$(inherited) NULCONNECT_ENABLE_TUN";
				SWIFT_OBJC_BRIDGING_HEADER = "NulConnect-Bridging-Header.h";
				SWIFT_VERSION = 5.0;
			};
			name = Debug;
		};
		27B8241B2FF7000000E51188 /* Release */ = {
			isa = XCBuildConfiguration;
			buildSettings = {
				ARCHS = arm64;
				CODE_SIGN_ENTITLEMENTS = NulConnectTunnelExtension/NulConnectTunnelExtension.entitlements;
				CODE_SIGN_STYLE = Automatic;
				COMBINE_HIDPI_IMAGES = YES;
				CURRENT_PROJECT_VERSION = 1;
				DEVELOPMENT_TEAM = 3F5CH9XJ2Z;
				ENABLE_APP_SANDBOX = YES;
				ENABLE_HARDENED_RUNTIME = YES;
				GENERATE_INFOPLIST_FILE = NO;
				INFOPLIST_FILE = NulConnectTunnelExtension/Info.plist;
				LD_RUNPATH_SEARCH_PATHS = (
					"$(inherited)",
					"@executable_path/../Frameworks",
					"@executable_path/../../../../Frameworks",
				);
				MACOSX_DEPLOYMENT_TARGET = 14.0;
				MARKETING_VERSION = 0.1.1;
				OTHER_LDFLAGS = (
					"$(inherited)",
					"-lreatrust",
				);
				PRODUCT_BUNDLE_IDENTIFIER = com.nulstudio.NulConnect.TunnelExtension;
				PRODUCT_BUNDLE_PACKAGE_TYPE = "XPC!";
				PRODUCT_NAME = "$(TARGET_NAME)";
				REGISTER_APP_GROUPS = YES;
				SKIP_INSTALL = YES;
				SWIFT_ACTIVE_COMPILATION_CONDITIONS = "$(inherited) NULCONNECT_ENABLE_TUN";
				SWIFT_COMPILATION_MODE = wholemodule;
				SWIFT_OBJC_BRIDGING_HEADER = "NulConnect-Bridging-Header.h";
				SWIFT_VERSION = 5.0;
			};
			name = Release;
		};
/* End XCBuildConfiguration section */

/* Begin XCConfigurationList section */
		27B822EC2FF5855900E51188 /* Build configuration list for PBXProject "NulConnect" */ = {
			isa = XCConfigurationList;
			buildConfigurations = (
				27B823122FF5855A00E51188 /* Debug */,
				27B823132FF5855A00E51188 /* Release */,
			);
			defaultConfigurationIsVisible = 0;
			defaultConfigurationName = Release;
		};
		27B823142FF5855A00E51188 /* Build configuration list for PBXNativeTarget "NulConnect" */ = {
			isa = XCConfigurationList;
			buildConfigurations = (
				27B823152FF5855A00E51188 /* Debug */,
				27B823162FF5855A00E51188 /* Release */,
			);
			defaultConfigurationIsVisible = 0;
			defaultConfigurationName = Release;
		};
		27B823172FF5855A00E51188 /* Build configuration list for PBXNativeTarget "NulConnectTests" */ = {
			isa = XCConfigurationList;
			buildConfigurations = (
				27B823182FF5855A00E51188 /* Debug */,
				27B823192FF5855A00E51188 /* Release */,
			);
			defaultConfigurationIsVisible = 0;
			defaultConfigurationName = Release;
		};
		27B8231A2FF5855A00E51188 /* Build configuration list for PBXNativeTarget "NulConnectUITests" */ = {
			isa = XCConfigurationList;
			buildConfigurations = (
				27B8231B2FF5855A00E51188 /* Debug */,
				27B8231C2FF5855A00E51188 /* Release */,
			);
			defaultConfigurationIsVisible = 0;
			defaultConfigurationName = Release;
		};
		27B8241C2FF7000000E51188 /* Build configuration list for PBXNativeTarget "NulConnectTunnelExtension" */ = {
			isa = XCConfigurationList;
			buildConfigurations = (
				27B8241A2FF7000000E51188 /* Debug */,
				27B8241B2FF7000000E51188 /* Release */,
			);
			defaultConfigurationIsVisible = 0;
			defaultConfigurationName = Release;
		};
/* End XCConfigurationList section */
	};
	rootObject = 27B822E92FF5855900E51188 /* Project object */;
}
